{
  "name": "opentrees-data",
  "version": "1.0.0",
  "lockfileVersion": 1,
  "requires": true,
  "dependencies": {
    "balanced-match": {
      "version": "1.0.0",
      "resolved": "https://registry.npmjs.org/balanced-match/-/balanced-match-1.0.0.tgz",
      "integrity": "sha1-ibTRmasr7kneFk6gK4nORi1xt2c="
    },
    "base64-js": {
      "version": "0.0.8",
      "resolved": "https://registry.npmjs.org/base64-js/-/base64-js-0.0.8.tgz",
      "integrity": "sha1-EQHpVE9KdrG8OybUUsqW16NeeXg="
    },
    "bl": {
      "version": "1.2.2",
      "resolved": "https://registry.npmjs.org/bl/-/bl-1.2.2.tgz",
      "integrity": "sha512-e8tQYnZodmebYDWGH7KMRvtzKXaJHx3BbilrgZCfvyLUYdKpK1t5PSPmpkny/SgiTSCnjfLW7v5rlONXVFkQEA==",
      "requires": {
        "readable-stream": "2.3.6",
        "safe-buffer": "5.1.2"
      }
    },
    "brace-expansion": {
      "version": "1.1.11",
      "resolved": "https://registry.npmjs.org/brace-expansion/-/brace-expansion-1.1.11.tgz",
      "integrity": "sha512-iCuPHDFgrHX7H2vEI/5xpz07zSHB00TpugqhmYtVmMO6518mCuRMoOYFldEBl0g187ufozdaHgWKcYFb61qGiA==",
      "requires": {
        "balanced-match": "1.0.0",
        "concat-map": "0.0.1"
      }
    },
    "buffer": {
      "version": "3.6.0",
      "resolved": "https://registry.npmjs.org/buffer/-/buffer-3.6.0.tgz",
      "integrity": "sha1-pyyTb3e5a/UvX357RnGAYoVR3vs=",
      "requires": {
        "base64-js": "0.0.8",
        "ieee754": "1.1.11",
        "isarray": "1.0.0"
      }
    },
    "buffer-alloc": {
      "version": "1.1.0",
      "resolved": "https://registry.npmjs.org/buffer-alloc/-/buffer-alloc-1.1.0.tgz",
      "integrity": "sha1-BVFNM78WVtNUDGhPZbEgLpDsowM=",
      "requires": {
        "buffer-alloc-unsafe": "0.1.1",
        "buffer-fill": "0.1.1"
      }
    },
    "buffer-alloc-unsafe": {
      "version": "0.1.1",
      "resolved": "https://registry.npmjs.org/buffer-alloc-unsafe/-/buffer-alloc-unsafe-0.1.1.tgz",
      "integrity": "sha1-/+H2dVHdBVc33iUzN7/oU9+rGmo="
    },
    "buffer-crc32": {
      "version": "0.2.13",
      "resolved": "https://registry.npmjs.org/buffer-crc32/-/buffer-crc32-0.2.13.tgz",
      "integrity": "sha1-DTM+PwDqxQqhRUq9MO+MKl2ackI="
    },
    "buffer-fill": {
      "version": "0.1.1",
      "resolved": "https://registry.npmjs.org/buffer-fill/-/buffer-fill-0.1.1.tgz",
      "integrity": "sha512-YgBMBzdRLEfgxJIGu2wrvI2E03tMCFU1p7d1KhB4BOoMN0VxmTFjSyN5JtKt9z8Z9JajMHruI6SE25W96wNv7Q=="
    },
    "capture-stack-trace": {
      "version": "1.0.0",
      "resolved": "https://registry.npmjs.org/capture-stack-trace/-/capture-stack-trace-1.0.0.tgz",
      "integrity": "sha1-Sm+gc5nCa7pH8LJJa00PtAjFVQ0="
    },
    "caw": {
      "version": "2.0.1",
      "resolved": "https://registry.npmjs.org/caw/-/caw-2.0.1.tgz",
      "integrity": "sha512-Cg8/ZSBEa8ZVY9HspcGUYaK63d/bN7rqS3CYCzEGUxuYv6UlmcjzDUz2fCFFHyTvUW5Pk0I+3hkA3iXlIj6guA==",
      "requires": {
        "get-proxy": "2.1.0",
        "isurl": "1.0.0",
        "tunnel-agent": "0.6.0",
        "url-to-options": "1.0.1"
      }
    },
    "colors": {
      "version": "1.2.4",
      "resolved": "https://registry.npmjs.org/colors/-/colors-1.2.4.tgz",
      "integrity": "sha512-6Y+iBnWmXL+AWtlOp2Vr6R2w5MUlNJRwR0ShVFaAb1CqWzhPOpQg4L0jxD+xpw/Nc8QJwaq3KM79QUCriY8CWQ=="
    },
    "commander": {
      "version": "2.8.1",
      "resolved": "https://registry.npmjs.org/commander/-/commander-2.8.1.tgz",
      "integrity": "sha1-Br42f+v9oMMwqh4qBy09yXYkJdQ=",
      "requires": {
        "graceful-readlink": "1.0.1"
      }
    },
    "concat-map": {
      "version": "0.0.1",
      "resolved": "https://registry.npmjs.org/concat-map/-/concat-map-0.0.1.tgz",
      "integrity": "sha1-2Klr13/Wjfd5OnMDajug1UBdR3s="
    },
    "concat-stream": {
      "version": "1.6.0",
      "resolved": "https://registry.npmjs.org/concat-stream/-/concat-stream-1.6.0.tgz",
      "integrity": "sha1-CqxmL9Ur54lk1VMvaUeE5wEQrPc=",
      "requires": {
        "inherits": "2.0.3",
        "readable-stream": "2.3.6",
        "typedarray": "0.0.6"
      }
    },
    "config-chain": {
      "version": "1.1.11",
      "resolved": "https://registry.npmjs.org/config-chain/-/config-chain-1.1.11.tgz",
      "integrity": "sha1-q6CXR9++TD5w52am5BWG4YWfxvI=",
      "requires": {
        "ini": "1.3.5",
        "proto-list": "1.2.4"
      }
    },
    "core-util-is": {
      "version": "1.0.2",
      "resolved": "https://registry.npmjs.org/core-util-is/-/core-util-is-1.0.2.tgz",
      "integrity": "sha1-tf1UIgqivFq1eqtxQMlAdUUDwac="
    },
    "create-error-class": {
      "version": "3.0.2",
      "resolved": "https://registry.npmjs.org/create-error-class/-/create-error-class-3.0.2.tgz",
      "integrity": "sha1-Br56vvlHo/FKMP1hBnHUAbyot7Y=",
      "requires": {
        "capture-stack-trace": "1.0.0"
      }
    },
    "debug": {
      "version": "2.6.9",
      "resolved": "https://registry.npmjs.org/debug/-/debug-2.6.9.tgz",
      "integrity": "sha512-bC7ElrdJaJnPbAP+1EotYvqZsb3ecl5wi6Bfi6BJTUcNowp6cvspg0jXznRTKDjm/E7AdgFBVeAPVMNcKGsHMA==",
      "requires": {
        "ms": "2.0.0"
      }
    },
    "decompress": {
      "version": "4.2.0",
      "resolved": "https://registry.npmjs.org/decompress/-/decompress-4.2.0.tgz",
      "integrity": "sha1-eu3YVCflqS2s/lVnSnxQXpbQH50=",
      "requires": {
        "decompress-tar": "4.1.1",
        "decompress-tarbz2": "4.1.1",
        "decompress-targz": "4.1.1",
        "decompress-unzip": "4.0.1",
        "graceful-fs": "4.1.11",
        "make-dir": "1.2.0",
        "pify": "2.3.0",
        "strip-dirs": "2.1.0"
      }
    },
    "decompress-tar": {
      "version": "4.1.1",
      "resolved": "https://registry.npmjs.org/decompress-tar/-/decompress-tar-4.1.1.tgz",
      "integrity": "sha512-JdJMaCrGpB5fESVyxwpCx4Jdj2AagLmv3y58Qy4GE6HMVjWz1FeVQk1Ct4Kye7PftcdOo/7U7UKzYBJgqnGeUQ==",
      "requires": {
        "file-type": "5.2.0",
        "is-stream": "1.1.0",
        "tar-stream": "1.6.0"
      }
    },
    "decompress-tarbz2": {
      "version": "4.1.1",
      "resolved": "https://registry.npmjs.org/decompress-tarbz2/-/decompress-tarbz2-4.1.1.tgz",
      "integrity": "sha512-s88xLzf1r81ICXLAVQVzaN6ZmX4A6U4z2nMbOwobxkLoIIfjVMBg7TeguTUXkKeXni795B6y5rnvDw7rxhAq9A==",
      "requires": {
        "decompress-tar": "4.1.1",
        "file-type": "6.2.0",
        "is-stream": "1.1.0",
        "seek-bzip": "1.0.5",
        "unbzip2-stream": "1.2.5"
      },
      "dependencies": {
        "file-type": {
          "version": "6.2.0",
          "resolved": "https://registry.npmjs.org/file-type/-/file-type-6.2.0.tgz",
          "integrity": "sha512-YPcTBDV+2Tm0VqjybVd32MHdlEGAtuxS3VAYsumFokDSMG+ROT5wawGlnHDoz7bfMcMDt9hxuXvXwoKUx2fkOg=="
        }
      }
    },
    "decompress-targz": {
      "version": "4.1.1",
      "resolved": "https://registry.npmjs.org/decompress-targz/-/decompress-targz-4.1.1.tgz",
      "integrity": "sha512-4z81Znfr6chWnRDNfFNqLwPvm4db3WuZkqV+UgXQzSngG3CEKdBkw5jrv3axjjL96glyiiKjsxJG3X6WBZwX3w==",
      "requires": {
        "decompress-tar": "4.1.1",
        "file-type": "5.2.0",
        "is-stream": "1.1.0"
      }
    },
    "decompress-unzip": {
      "version": "4.0.1",
      "resolved": "https://registry.npmjs.org/decompress-unzip/-/decompress-unzip-4.0.1.tgz",
      "integrity": "sha1-3qrM39FK6vhVePczroIQ+bSEj2k=",
      "requires": {
        "file-type": "3.9.0",
        "get-stream": "2.3.1",
        "pify": "2.3.0",
        "yauzl": "2.9.1"
      },
      "dependencies": {
        "file-type": {
          "version": "3.9.0",
          "resolved": "https://registry.npmjs.org/file-type/-/file-type-3.9.0.tgz",
          "integrity": "sha1-JXoHg4TR24CHvESdEH1SpSZyuek="
        },
        "get-stream": {
          "version": "2.3.1",
          "resolved": "https://registry.npmjs.org/get-stream/-/get-stream-2.3.1.tgz",
          "integrity": "sha1-Xzj5PzRgCWZu4BUKBUFn+Rvdld4=",
          "requires": {
            "object-assign": "4.1.1",
            "pinkie-promise": "2.0.1"
          }
        }
      }
    },
    "download": {
      "version": "5.0.3",
      "resolved": "https://registry.npmjs.org/download/-/download-5.0.3.tgz",
      "integrity": "sha1-Y1N/l3+ZJmow64oqL70fILgAD3o=",
      "requires": {
        "caw": "2.0.1",
        "decompress": "4.2.0",
        "filenamify": "2.0.0",
        "get-stream": "3.0.0",
        "got": "6.7.1",
        "mkdirp": "0.5.1",
        "pify": "2.3.0"
      }
    },
    "duplexer3": {
      "version": "0.1.4",
      "resolved": "https://registry.npmjs.org/duplexer3/-/duplexer3-0.1.4.tgz",
      "integrity": "sha1-7gHdHKwO08vH/b6jfcCo8c4ALOI="
    },
    "end-of-stream": {
      "version": "1.4.1",
      "resolved": "https://registry.npmjs.org/end-of-stream/-/end-of-stream-1.4.1.tgz",
      "integrity": "sha512-1MkrZNvWTKCaigbn+W15elq2BB/L22nqrSY5DKlo3X6+vclJm8Bb5djXJBmEX6fS3+zCh/F4VBK5Z2KxJt4s2Q==",
      "requires": {
        "once": "1.4.0"
      }
    },
    "escape-string-regexp": {
      "version": "1.0.5",
      "resolved": "https://registry.npmjs.org/escape-string-regexp/-/escape-string-regexp-1.0.5.tgz",
      "integrity": "sha1-G2HAViGQqN/2rjuyzwIAyhMLhtQ="
    },
    "extract-zip": {
      "version": "1.6.6",
      "resolved": "https://registry.npmjs.org/extract-zip/-/extract-zip-1.6.6.tgz",
      "integrity": "sha1-EpDt6NINCHK0Kf0/NRyhKOxe+Fw=",
      "requires": {
        "concat-stream": "1.6.0",
        "debug": "2.6.9",
        "mkdirp": "0.5.0",
        "yauzl": "2.4.1"
      },
      "dependencies": {
        "mkdirp": {
          "version": "0.5.0",
          "resolved": "https://registry.npmjs.org/mkdirp/-/mkdirp-0.5.0.tgz",
          "integrity": "sha1-HXMHam35hs2TROFecfzAWkyavxI=",
          "requires": {
            "minimist": "0.0.8"
          }
        },
        "yauzl": {
          "version": "2.4.1",
          "resolved": "https://registry.npmjs.org/yauzl/-/yauzl-2.4.1.tgz",
          "integrity": "sha1-lSj0QtqxsihOWLQ3m7GU4i4MQAU=",
          "requires": {
            "fd-slicer": "1.0.1"
          }
        }
      }
    },
    "fd-slicer": {
      "version": "1.0.1",
      "resolved": "https://registry.npmjs.org/fd-slicer/-/fd-slicer-1.0.1.tgz",
      "integrity": "sha1-i1vL2ewyfFBBv5qwI/1nUPEXfmU=",
      "requires": {
        "pend": "1.2.0"
      }
    },
    "file-type": {
      "version": "5.2.0",
      "resolved": "https://registry.npmjs.org/file-type/-/file-type-5.2.0.tgz",
      "integrity": "sha1-LdvqfHP/42No365J3DOMBYwritY="
    },
    "filename-reserved-regex": {
      "version": "2.0.0",
      "resolved": "https://registry.npmjs.org/filename-reserved-regex/-/filename-reserved-regex-2.0.0.tgz",
      "integrity": "sha1-q/c9+rc10EVECr/qLZHzieu/oik="
    },
    "filenamify": {
      "version": "2.0.0",
      "resolved": "https://registry.npmjs.org/filenamify/-/filenamify-2.0.0.tgz",
      "integrity": "sha1-vRYiYsC26Uv7zc8Zo7uzdk94VpU=",
      "requires": {
        "filename-reserved-regex": "2.0.0",
        "strip-outer": "1.0.1",
        "trim-repeated": "1.0.0"
      }
    },
    "fs-constants": {
      "version": "1.0.0",
      "resolved": "https://registry.npmjs.org/fs-constants/-/fs-constants-1.0.0.tgz",
      "integrity": "sha512-y6OAwoSIf7FyjMIv94u+b5rdheZEjzR63GTyZJm5qh4Bi+2YgwLCcI/fPFZkL5PSixOt6ZNKm+w+Hfp/Bciwow=="
    },
    "fs.realpath": {
      "version": "1.0.0",
      "resolved": "https://registry.npmjs.org/fs.realpath/-/fs.realpath-1.0.0.tgz",
      "integrity": "sha1-FQStJSMVjKpA20onh8sBQRmU6k8="
    },
    "get-proxy": {
      "version": "2.1.0",
      "resolved": "https://registry.npmjs.org/get-proxy/-/get-proxy-2.1.0.tgz",
      "integrity": "sha512-zmZIaQTWnNQb4R4fJUEp/FC51eZsc6EkErspy3xtIYStaq8EB/hDIWipxsal+E8rz0qD7f2sL/NA9Xee4RInJw==",
      "requires": {
        "npm-conf": "1.1.3"
      }
    },
    "get-stream": {
      "version": "3.0.0",
      "resolved": "https://registry.npmjs.org/get-stream/-/get-stream-3.0.0.tgz",
      "integrity": "sha1-jpQ9E1jcN1VQVOy+LtsFqhdO3hQ="
    },
    "glob": {
      "version": "7.1.2",
      "resolved": "https://registry.npmjs.org/glob/-/glob-7.1.2.tgz",
      "integrity": "sha512-MJTUg1kjuLeQCJ+ccE4Vpa6kKVXkPYJ2mOCQyUuKLcLQsdrMCpBPUi8qVE6+YuaJkozeA9NusTAw3hLr8Xe5EQ==",
      "requires": {
        "fs.realpath": "1.0.0",
        "inflight": "1.0.6",
        "inherits": "2.0.3",
        "minimatch": "3.0.4",
        "once": "1.4.0",
        "path-is-absolute": "1.0.1"
      }
    },
    "got": {
      "version": "6.7.1",
      "resolved": "https://registry.npmjs.org/got/-/got-6.7.1.tgz",
      "integrity": "sha1-JAzQV4WpoY5WHcG0S0HHY+8ejbA=",
      "requires": {
        "create-error-class": "3.0.2",
        "duplexer3": "0.1.4",
        "get-stream": "3.0.0",
        "is-redirect": "1.0.0",
        "is-retry-allowed": "1.1.0",
        "is-stream": "1.1.0",
        "lowercase-keys": "1.0.1",
        "safe-buffer": "5.1.2",
        "timed-out": "4.0.1",
        "unzip-response": "2.0.1",
        "url-parse-lax": "1.0.0"
      }
    },
    "graceful-fs": {
      "version": "4.1.11",
      "resolved": "https://registry.npmjs.org/graceful-fs/-/graceful-fs-4.1.11.tgz",
      "integrity": "sha1-Dovf5NHduIVNZOBOp8AOKgJuVlg="
    },
    "graceful-readlink": {
      "version": "1.0.1",
      "resolved": "https://registry.npmjs.org/graceful-readlink/-/graceful-readlink-1.0.1.tgz",
      "integrity": "sha1-TK+tdrxi8C+gObL5Tpo906ORpyU="
    },
    "has-symbol-support-x": {
      "version": "1.4.2",
      "resolved": "https://registry.npmjs.org/has-symbol-support-x/-/has-symbol-support-x-1.4.2.tgz",
      "integrity": "sha512-3ToOva++HaW+eCpgqZrCfN51IPB+7bJNVT6CUATzueB5Heb8o6Nam0V3HG5dlDvZU1Gn5QLcbahiKw/XVk5JJw=="
    },
    "has-to-string-tag-x": {
      "version": "1.4.1",
      "resolved": "https://registry.npmjs.org/has-to-string-tag-x/-/has-to-string-tag-x-1.4.1.tgz",
      "integrity": "sha512-vdbKfmw+3LoOYVr+mtxHaX5a96+0f3DljYd8JOqvOLsf5mw2Otda2qCDT9qRqLAhrjyQ0h7ual5nOiASpsGNFw==",
      "requires": {
        "has-symbol-support-x": "1.4.2"
      }
    },
    "ieee754": {
      "version": "1.1.11",
      "resolved": "https://registry.npmjs.org/ieee754/-/ieee754-1.1.11.tgz",
      "integrity": "sha512-VhDzCKN7K8ufStx/CLj5/PDTMgph+qwN5Pkd5i0sGnVwk56zJ0lkT8Qzi1xqWLS0Wp29DgDtNeS7v8/wMoZeHg=="
    },
    "inflight": {
      "version": "1.0.6",
      "resolved": "https://registry.npmjs.org/inflight/-/inflight-1.0.6.tgz",
      "integrity": "sha1-Sb1jMdfQLQwJvJEKEHW6gWW1bfk=",
      "requires": {
        "once": "1.4.0",
        "wrappy": "1.0.2"
      }
    },
    "inherits": {
      "version": "2.0.3",
      "resolved": "https://registry.npmjs.org/inherits/-/inherits-2.0.3.tgz",
      "integrity": "sha1-Yzwsg+PaQqUC9SRmAiSA9CCCYd4="
    },
    "ini": {
      "version": "1.3.5",
      "resolved": "https://registry.npmjs.org/ini/-/ini-1.3.5.tgz",
      "integrity": "sha512-RZY5huIKCMRWDUqZlEi72f/lmXKMvuszcMBduliQ3nnWbx9X/ZBQO7DijMEYS9EhHBb2qacRUMtC7svLwe0lcw=="
    },
    "is-natural-number": {
      "version": "4.0.1",
      "resolved": "https://registry.npmjs.org/is-natural-number/-/is-natural-number-4.0.1.tgz",
      "integrity": "sha1-q5124dtM7VHjXeDHLr7PCfc0zeg="
    },
    "is-object": {
      "version": "1.0.1",
      "resolved": "https://registry.npmjs.org/is-object/-/is-object-1.0.1.tgz",
      "integrity": "sha1-iVJojF7C/9awPsyF52ngKQMINHA="
    },
    "is-redirect": {
      "version": "1.0.0",
      "resolved": "https://registry.npmjs.org/is-redirect/-/is-redirect-1.0.0.tgz",
      "integrity": "sha1-HQPd7VO9jbDzDCbk+V02/HyH3CQ="
    },
    "is-retry-allowed": {
      "version": "1.1.0",
      "resolved": "https://registry.npmjs.org/is-retry-allowed/-/is-retry-allowed-1.1.0.tgz",
      "integrity": "sha1-EaBgVotnM5REAz0BJaYaINVk+zQ="
    },
    "is-stream": {
      "version": "1.1.0",
      "resolved": "https://registry.npmjs.org/is-stream/-/is-stream-1.1.0.tgz",
      "integrity": "sha1-EtSj3U5o4Lec6428hBc66A2RykQ="
    },
    "isarray": {
      "version": "1.0.0",
      "resolved": "https://registry.npmjs.org/isarray/-/isarray-1.0.0.tgz",
      "integrity": "sha1-u5NdSFgsuhaMBoNJV6VKPgcSTxE="
    },
    "isurl": {
      "version": "1.0.0",
      "resolved": "https://registry.npmjs.org/isurl/-/isurl-1.0.0.tgz",
      "integrity": "sha512-1P/yWsxPlDtn7QeRD+ULKQPaIaN6yF368GZ2vDfv0AL0NwpStafjWCDDdn0k8wgFMWpVAqG7oJhxHnlud42i9w==",
      "requires": {
        "has-to-string-tag-x": "1.4.1",
        "is-object": "1.0.1"
      }
    },
    "jsonfile": {
      "version": "4.0.0",
      "resolved": "https://registry.npmjs.org/jsonfile/-/jsonfile-4.0.0.tgz",
      "integrity": "sha1-h3Gq4HmbZAdrdmQPygWPnBDjPss=",
      "requires": {
        "graceful-fs": "4.1.11"
      }
    },
    "lowercase-keys": {
      "version": "1.0.1",
      "resolved": "https://registry.npmjs.org/lowercase-keys/-/lowercase-keys-1.0.1.tgz",
      "integrity": "sha512-G2Lj61tXDnVFFOi8VZds+SoQjtQC3dgokKdDG2mTm1tx4m50NUHBOZSBwQQHyy0V12A0JTG4icfZQH+xPyh8VA=="
    },
    "make-dir": {
      "version": "1.2.0",
      "resolved": "https://registry.npmjs.org/make-dir/-/make-dir-1.2.0.tgz",
      "integrity": "sha512-aNUAa4UMg/UougV25bbrU4ZaaKNjJ/3/xnvg/twpmKROPdKZPZ9wGgI0opdZzO8q/zUFawoUuixuOv33eZ61Iw==",
      "requires": {
        "pify": "3.0.0"
      },
      "dependencies": {
        "pify": {
          "version": "3.0.0",
          "resolved": "https://registry.npmjs.org/pify/-/pify-3.0.0.tgz",
          "integrity": "sha1-5aSs0sEB/fPZpNB/DbxNtJ3SgXY="
        }
      }
    },
    "minimatch": {
      "version": "3.0.4",
      "resolved": "https://registry.npmjs.org/minimatch/-/minimatch-3.0.4.tgz",
      "integrity": "sha512-yJHVQEhyqPLUTgt9B83PXu6W3rx4MvvHvSUvToogpwoGDOUQ+yDrR0HRot+yOCdCO7u4hX3pWft6kWBBcqh0UA==",
      "requires": {
        "brace-expansion": "1.1.11"
      }
    },
    "minimist": {
      "version": "0.0.8",
      "resolved": "https://registry.npmjs.org/minimist/-/minimist-0.0.8.tgz",
      "integrity": "sha1-hX/Kv8M5fSYluCKCYuhqp6ARsF0="
    },
    "mkdirp": {
      "version": "0.5.1",
      "resolved": "https://registry.npmjs.org/mkdirp/-/mkdirp-0.5.1.tgz",
      "integrity": "sha1-MAV0OOrGz3+MR2fzhkjWaX11yQM=",
      "requires": {
        "minimist": "0.0.8"
      }
    },
    "ms": {
      "version": "2.0.0",
      "resolved": "https://registry.npmjs.org/ms/-/ms-2.0.0.tgz",
      "integrity": "sha1-VgiurfwAvmwpAd9fmGF4jeDVl8g="
    },
    "npm-conf": {
      "version": "1.1.3",
      "resolved": "https://registry.npmjs.org/npm-conf/-/npm-conf-1.1.3.tgz",
      "integrity": "sha512-Yic4bZHJOt9RCFbRP3GgpqhScOY4HH3V2P8yBj6CeYq118Qr+BLXqT2JvpJ00mryLESpgOxf5XlFv4ZjXxLScw==",
      "requires": {
        "config-chain": "1.1.11",
        "pify": "3.0.0"
      },
      "dependencies": {
        "pify": {
          "version": "3.0.0",
          "resolved": "https://registry.npmjs.org/pify/-/pify-3.0.0.tgz",
          "integrity": "sha1-5aSs0sEB/fPZpNB/DbxNtJ3SgXY="
        }
      }
    },
    "object-assign": {
      "version": "4.1.1",
      "resolved": "https://registry.npmjs.org/object-assign/-/object-assign-4.1.1.tgz",
      "integrity": "sha1-IQmtx5ZYh8/AXLvUQsrIv7s2CGM="
    },
    "once": {
      "version": "1.4.0",
      "resolved": "https://registry.npmjs.org/once/-/once-1.4.0.tgz",
      "integrity": "sha1-WDsap3WWHUsROsF9nFC6753Xa9E=",
      "requires": {
        "wrappy": "1.0.2"
      }
    },
    "path-is-absolute": {
      "version": "1.0.1",
      "resolved": "https://registry.npmjs.org/path-is-absolute/-/path-is-absolute-1.0.1.tgz",
      "integrity": "sha1-F0uSaHNVNP+8es5r9TpanhtcX18="
    },
    "pend": {
      "version": "1.2.0",
      "resolved": "https://registry.npmjs.org/pend/-/pend-1.2.0.tgz",
      "integrity": "sha1-elfrVQpng/kRUzH89GY9XI4AelA="
    },
    "pify": {
      "version": "2.3.0",
      "resolved": "https://registry.npmjs.org/pify/-/pify-2.3.0.tgz",
      "integrity": "sha1-7RQaasBDqEnqWISY59yosVMw6Qw="
    },
    "pinkie": {
      "version": "2.0.4",
      "resolved": "https://registry.npmjs.org/pinkie/-/pinkie-2.0.4.tgz",
      "integrity": "sha1-clVrgM+g1IqXToDnckjoDtT3+HA="
    },
    "pinkie-promise": {
      "version": "2.0.1",
      "resolved": "https://registry.npmjs.org/pinkie-promise/-/pinkie-promise-2.0.1.tgz",
      "integrity": "sha1-ITXW36ejWMBprJsXh3YogihFD/o=",
      "requires": {
        "pinkie": "2.0.4"
      }
    },
    "prepend-http": {
      "version": "1.0.4",
      "resolved": "https://registry.npmjs.org/prepend-http/-/prepend-http-1.0.4.tgz",
      "integrity": "sha1-1PRWKwzjaW5BrFLQ4ALlemNdxtw="
    },
    "process-nextick-args": {
      "version": "2.0.0",
      "resolved": "https://registry.npmjs.org/process-nextick-args/-/process-nextick-args-2.0.0.tgz",
      "integrity": "sha512-MtEC1TqN0EU5nephaJ4rAtThHtC86dNN9qCuEhtshvpVBkAW5ZO7BASN9REnF9eoXGcRub+pFuKEpOHE+HbEMw=="
    },
    "proto-list": {
      "version": "1.2.4",
      "resolved": "https://registry.npmjs.org/proto-list/-/proto-list-1.2.4.tgz",
      "integrity": "sha1-IS1b/hMYMGpCD2QCuOJv85ZHqEk="
    },
    "readable-stream": {
      "version": "2.3.6",
      "resolved": "https://registry.npmjs.org/readable-stream/-/readable-stream-2.3.6.tgz",
      "integrity": "sha512-tQtKA9WIAhBF3+VLAseyMqZeBjW0AHJoxOtYqSUZNJxauErmLbVm2FW1y+J/YA9dUrAC39ITejlZWhVIwawkKw==",
      "requires": {
        "core-util-is": "1.0.2",
        "inherits": "2.0.3",
        "isarray": "1.0.0",
        "process-nextick-args": "2.0.0",
        "safe-buffer": "5.1.2",
        "string_decoder": "1.1.1",
        "util-deprecate": "1.0.2"
      }
    },
    "safe-buffer": {
      "version": "5.1.2",
      "resolved": "https://registry.npmjs.org/safe-buffer/-/safe-buffer-5.1.2.tgz",
      "integrity": "sha512-Gd2UZBJDkXlY7GbJxfsE8/nvKkUEU1G38c1siN6QP6a9PT9MmHB8GnpscSmMJSoF8LOIrt8ud/wPtojys4G6+g=="
    },
    "seek-bzip": {
      "version": "1.0.5",
      "resolved": "https://registry.npmjs.org/seek-bzip/-/seek-bzip-1.0.5.tgz",
      "integrity": "sha1-z+kXyz0nS8/6x5J1ivUxc+sfq9w=",
      "requires": {
        "commander": "2.8.1"
      }
    },
    "string_decoder": {
      "version": "1.1.1",
      "resolved": "https://registry.npmjs.org/string_decoder/-/string_decoder-1.1.1.tgz",
      "integrity": "sha512-n/ShnvDi6FHbbVfviro+WojiFzv+s8MPMHBczVePfUpDJLwoLT0ht1l4YwBCbi8pJAveEEdnkHyPyTP/mzRfwg==",
      "requires": {
        "safe-buffer": "5.1.2"
      }
    },
    "strip-dirs": {
      "version": "2.1.0",
      "resolved": "https://registry.npmjs.org/strip-dirs/-/strip-dirs-2.1.0.tgz",
      "integrity": "sha512-JOCxOeKLm2CAS73y/U4ZeZPTkE+gNVCzKt7Eox84Iej1LT/2pTWYpZKJuxwQpvX1LiZb1xokNR7RLfuBAa7T3g==",
      "requires": {
        "is-natural-number": "4.0.1"
      }
    },
    "strip-outer": {
      "version": "1.0.1",
      "resolved": "https://registry.npmjs.org/strip-outer/-/strip-outer-1.0.1.tgz",
      "integrity": "sha512-k55yxKHwaXnpYGsOzg4Vl8+tDrWylxDEpknGjhTiZB8dFRU5rTo9CAzeycivxV3s+zlTKwrs6WxMxR95n26kwg==",
      "requires": {
        "escape-string-regexp": "1.0.5"
      }
    },
    "tar-stream": {
      "version": "1.6.0",
      "resolved": "https://registry.npmjs.org/tar-stream/-/tar-stream-1.6.0.tgz",
      "integrity": "sha512-lh2iAPG/BHNmN6WB9Ybdynk9rEJ5GD/dy4zscHmVlwa1dq2tpE+BH78i5vjYwYVWEaOXGBjzxr89aVACF17Cpw==",
      "requires": {
        "bl": "1.2.2",
        "buffer-alloc": "1.1.0",
        "end-of-stream": "1.4.1",
        "fs-constants": "1.0.0",
        "readable-stream": "2.3.6",
        "to-buffer": "1.1.1",
        "xtend": "4.0.1"
      }
    },
    "through": {
      "version": "2.3.8",
      "resolved": "https://registry.npmjs.org/through/-/through-2.3.8.tgz",
      "integrity": "sha1-DdTJ/6q8NXlgsbckEV1+Doai4fU="
    },
    "timed-out": {
      "version": "4.0.1",
      "resolved": "https://registry.npmjs.org/timed-out/-/timed-out-4.0.1.tgz",
      "integrity": "sha1-8y6srFoXW+ol1/q1Zas+2HQe9W8="
    },
    "to-buffer": {
      "version": "1.1.1",
      "resolved": "https://registry.npmjs.org/to-buffer/-/to-buffer-1.1.1.tgz",
      "integrity": "sha512-lx9B5iv7msuFYE3dytT+KE5tap+rNYw+K4jVkb9R/asAb+pbBSM17jtunHplhBe6RRJdZx3Pn2Jph24O32mOVg=="
    },
    "trim-repeated": {
      "version": "1.0.0",
      "resolved": "https://registry.npmjs.org/trim-repeated/-/trim-repeated-1.0.0.tgz",
      "integrity": "sha1-42RqLqTokTEr9+rObPsFOAvAHCE=",
      "requires": {
        "escape-string-regexp": "1.0.5"
      }
    },
    "tunnel-agent": {
      "version": "0.6.0",
      "resolved": "https://registry.npmjs.org/tunnel-agent/-/tunnel-agent-0.6.0.tgz",
      "integrity": "sha1-J6XeoGs2sEoKmWZ3SykIaPD8QP0=",
      "requires": {
        "safe-buffer": "5.1.2"
      }
    },
    "typedarray": {
      "version": "0.0.6",
      "resolved": "https://registry.npmjs.org/typedarray/-/typedarray-0.0.6.tgz",
      "integrity": "sha1-hnrHTjhkGHsdPUfZlqeOxciDB3c="
    },
    "unbzip2-stream": {
      "version": "1.2.5",
      "resolved": "https://registry.npmjs.org/unbzip2-stream/-/unbzip2-stream-1.2.5.tgz",
      "integrity": "sha512-izD3jxT8xkzwtXRUZjtmRwKnZoeECrfZ8ra/ketwOcusbZEp4mjULMnJOCfTDZBgGQAAY1AJ/IgxcwkavcX9Og==",
      "requires": {
        "buffer": "3.6.0",
        "through": "2.3.8"
      }
    },
    "unzip-response": {
      "version": "2.0.1",
      "resolved": "https://registry.npmjs.org/unzip-response/-/unzip-response-2.0.1.tgz",
      "integrity": "sha1-0vD3N9FrBhXnKmk17QQhRXLVb5c="
    },
    "url-parse-lax": {
      "version": "1.0.0",
      "resolved": "https://registry.npmjs.org/url-parse-lax/-/url-parse-lax-1.0.0.tgz",
      "integrity": "sha1-evjzA2Rem9eaJy56FKxovAYJ2nM=",
      "requires": {
        "prepend-http": "1.0.4"
      }
    },
    "url-to-options": {
      "version": "1.0.1",
      "resolved": "https://registry.npmjs.org/url-to-options/-/url-to-options-1.0.1.tgz",
      "integrity": "sha1-FQWgOiiaSMvXpDTvuu7FBV9WM6k="
    },
    "util-deprecate": {
      "version": "1.0.2",
      "resolved": "https://registry.npmjs.org/util-deprecate/-/util-deprecate-1.0.2.tgz",
      "integrity": "sha1-RQ1Nyfpw3nMnYvvS1KKJgUGaDM8="
    },
    "wrappy": {
      "version": "1.0.2",
      "resolved": "https://registry.npmjs.org/wrappy/-/wrappy-1.0.2.tgz",
      "integrity": "sha1-tSQ9jz7BqjXxNkYFvA0QNuMKtp8="
    },
    "xtend": {
      "version": "4.0.1",
      "resolved": "https://registry.npmjs.org/xtend/-/xtend-4.0.1.tgz",
      "integrity": "sha1-pcbVMr5lbiPbgg77lDofBJmNY68="
    },
    "yauzl": {
      "version": "2.9.1",
      "resolved": "https://registry.npmjs.org/yauzl/-/yauzl-2.9.1.tgz",
      "integrity": "sha1-qBmB6nCleUYTOIPwKcWCGok1mn8=",
      "requires": {
        "buffer-crc32": "0.2.13",
        "fd-slicer": "1.0.1"
      }
    }
  }
}
